// !$*UTF8*$!
{
	archiveVersion = 1;
	classes = {
	};
	objectVersion = 52;
	objects = {

/* Begin PBXBuildFile section */
		B34BF18C264AF69F00D2E047 /* FloxBxKit in Frameworks */ = {isa = PBXBuildFile; productRef = B34BF18B264AF69F00D2E047 /* FloxBxKit */; };
		B34BF18E264AF6AC00D2E047 /* FloxBxKit in Frameworks */ = {isa = PBXBuildFile; productRef = B34BF18D264AF6AC00D2E047 /* FloxBxKit */; };
		B34BF190264AF6B300D2E047 /* FloxBxKit in Frameworks */ = {isa = PBXBuildFile; productRef = B34BF18F264AF6B300D2E047 /* FloxBxKit */; };
		B34BF192264AF78B00D2E047 /* Assets.xcassets in Resources */ = {isa = PBXBuildFile; fileRef = B3C7FE252649D55C00046580 /* Assets.xcassets */; };
		B34BF193264AF79300D2E047 /* FloxBxApp.swift in Sources */ = {isa = PBXBuildFile; fileRef = B3C7FE232649D55B00046580 /* FloxBxApp.swift */; };
		B34BF195264B22C200D2E047 /* Assets.xcassets in Resources */ = {isa = PBXBuildFile; fileRef = B3C7FE252649D55C00046580 /* Assets.xcassets */; };
		B3C7FE362649D55C00046580 /* FloxBxApp.swift in Sources */ = {isa = PBXBuildFile; fileRef = B3C7FE232649D55B00046580 /* FloxBxApp.swift */; };
		B3C7FE372649D55C00046580 /* FloxBxApp.swift in Sources */ = {isa = PBXBuildFile; fileRef = B3C7FE232649D55B00046580 /* FloxBxApp.swift */; };
		B3C7FE3A2649D55C00046580 /* Assets.xcassets in Resources */ = {isa = PBXBuildFile; fileRef = B3C7FE252649D55C00046580 /* Assets.xcassets */; };
		B3C7FE3B2649D55C00046580 /* Assets.xcassets in Resources */ = {isa = PBXBuildFile; fileRef = B3C7FE252649D55C00046580 /* Assets.xcassets */; };
		B3C7FE502649D57A00046580 /* FloxBx watchOS Extension.appex in Embed App Extensions */ = {isa = PBXBuildFile; fileRef = B3C7FE4F2649D57A00046580 /* FloxBx watchOS Extension.appex */; settings = {ATTRIBUTES = (RemoveHeadersOnCopy, ); }; };
		B3C7FE5E2649D57A00046580 /* Preview Assets.xcassets in Resources */ = {isa = PBXBuildFile; fileRef = B3C7FE5D2649D57A00046580 /* Preview Assets.xcassets */; };
		B3C7FE622649D57A00046580 /* FloxBx (watchOS).app in Embed Watch Content */ = {isa = PBXBuildFile; fileRef = B3C7FE462649D57800046580 /* FloxBx (watchOS).app */; settings = {ATTRIBUTES = (RemoveHeadersOnCopy, ); }; };
/* End PBXBuildFile section */

/* Begin PBXContainerItemProxy section */
		B3C7FE512649D57A00046580 /* PBXContainerItemProxy */ = {
			isa = PBXContainerItemProxy;
			containerPortal = B3C7FE1E2649D55A00046580 /* Project object */;
			proxyType = 1;
			remoteGlobalIDString = B3C7FE4E2649D57A00046580;
			remoteInfo = "FloxBx Extension";
		};
		B3C7FE602649D57A00046580 /* PBXContainerItemProxy */ = {
			isa = PBXContainerItemProxy;
			containerPortal = B3C7FE1E2649D55A00046580 /* Project object */;
			proxyType = 1;
			remoteGlobalIDString = B3C7FE452649D57800046580;
			remoteInfo = FloxBx;
		};
/* End PBXContainerItemProxy section */

/* Begin PBXCopyFilesBuildPhase section */
		B3C7FE662649D57A00046580 /* Embed App Extensions */ = {
			isa = PBXCopyFilesBuildPhase;
			buildActionMask = 2147483647;
			dstPath = "";
			dstSubfolderSpec = 13;
			files = (
				B3C7FE502649D57A00046580 /* FloxBx watchOS Extension.appex in Embed App Extensions */,
			);
			name = "Embed App Extensions";
			runOnlyForDeploymentPostprocessing = 0;
		};
		B3C7FE6A2649D57A00046580 /* Embed Watch Content */ = {
			isa = PBXCopyFilesBuildPhase;
			buildActionMask = 2147483647;
			dstPath = "$(CONTENTS_FOLDER_PATH)/Watch";
			dstSubfolderSpec = 16;
			files = (
				B3C7FE622649D57A00046580 /* FloxBx (watchOS).app in Embed Watch Content */,
			);
			name = "Embed Watch Content";
			runOnlyForDeploymentPostprocessing = 0;
		};
/* End PBXCopyFilesBuildPhase section */

/* Begin PBXFileReference section */
		B34BF189264AF50D00D2E047 /* FloxBx */ = {isa = PBXFileReference; lastKnownFileType = folder; path = FloxBx; sourceTree = "<group>"; };
		B3C7FE232649D55B00046580 /* FloxBxApp.swift */ = {isa = PBXFileReference; lastKnownFileType = sourcecode.swift; path = FloxBxApp.swift; sourceTree = "<group>"; };
		B3C7FE252649D55C00046580 /* Assets.xcassets */ = {isa = PBXFileReference; lastKnownFileType = folder.assetcatalog; path = Assets.xcassets; sourceTree = "<group>"; };
		B3C7FE2A2649D55C00046580 /* FloxBx.app */ = {isa = PBXFileReference; explicitFileType = wrapper.application; includeInIndex = 0; path = FloxBx.app; sourceTree = BUILT_PRODUCTS_DIR; };
		B3C7FE2D2649D55C00046580 /* Info.plist */ = {isa = PBXFileReference; lastKnownFileType = text.plist.xml; path = Info.plist; sourceTree = "<group>"; };
		B3C7FE322649D55C00046580 /* FloxBx.app */ = {isa = PBXFileReference; explicitFileType = wrapper.application; includeInIndex = 0; path = FloxBx.app; sourceTree = BUILT_PRODUCTS_DIR; };
		B3C7FE342649D55C00046580 /* Info.plist */ = {isa = PBXFileReference; lastKnownFileType = text.plist.xml; path = Info.plist; sourceTree = "<group>"; };
		B3C7FE352649D55C00046580 /* macOS.entitlements */ = {isa = PBXFileReference; lastKnownFileType = text.plist.entitlements; path = macOS.entitlements; sourceTree = "<group>"; };
		B3C7FE462649D57800046580 /* FloxBx (watchOS).app */ = {isa = PBXFileReference; explicitFileType = wrapper.application; includeInIndex = 0; path = "FloxBx (watchOS).app"; sourceTree = BUILT_PRODUCTS_DIR; };
		B3C7FE4A2649D57900046580 /* Info.plist */ = {isa = PBXFileReference; lastKnownFileType = text.plist.xml; path = Info.plist; sourceTree = "<group>"; };
		B3C7FE4F2649D57A00046580 /* FloxBx watchOS Extension.appex */ = {isa = PBXFileReference; explicitFileType = "wrapper.app-extension"; includeInIndex = 0; path = "FloxBx watchOS Extension.appex"; sourceTree = BUILT_PRODUCTS_DIR; };
		B3C7FE5D2649D57A00046580 /* Preview Assets.xcassets */ = {isa = PBXFileReference; lastKnownFileType = folder.assetcatalog; path = "Preview Assets.xcassets"; sourceTree = "<group>"; };
		B3C7FE5F2649D57A00046580 /* Info.plist */ = {isa = PBXFileReference; lastKnownFileType = text.plist.xml; path = Info.plist; sourceTree = "<group>"; };
/* End PBXFileReference section */

/* Begin PBXFrameworksBuildPhase section */
		B3C7FE272649D55C00046580 /* Frameworks */ = {
			isa = PBXFrameworksBuildPhase;
			buildActionMask = 2147483647;
			files = (
				B34BF190264AF6B300D2E047 /* FloxBxKit in Frameworks */,
			);
			runOnlyForDeploymentPostprocessing = 0;
		};
		B3C7FE2F2649D55C00046580 /* Frameworks */ = {
			isa = PBXFrameworksBuildPhase;
			buildActionMask = 2147483647;
			files = (
				B34BF18E264AF6AC00D2E047 /* FloxBxKit in Frameworks */,
			);
			runOnlyForDeploymentPostprocessing = 0;
		};
		B3C7FE4C2649D57A00046580 /* Frameworks */ = {
			isa = PBXFrameworksBuildPhase;
			buildActionMask = 2147483647;
			files = (
				B34BF18C264AF69F00D2E047 /* FloxBxKit in Frameworks */,
			);
			runOnlyForDeploymentPostprocessing = 0;
		};
/* End PBXFrameworksBuildPhase section */

/* Begin PBXGroup section */
		B34BF170264AF50300D2E047 /* Packages */ = {
			isa = PBXGroup;
			children = (
				B34BF189264AF50D00D2E047 /* FloxBx */,
			);
			path = Packages;
			sourceTree = "<group>";
		};
		B34BF18A264AF69F00D2E047 /* Frameworks */ = {
			isa = PBXGroup;
			children = (
			);
			name = Frameworks;
			sourceTree = "<group>";
		};
		B34BF196264B23C600D2E047 /* watchOS */ = {
			isa = PBXGroup;
			children = (
				B3C7FE532649D57A00046580 /* Extension */,
				B3C7FE472649D57800046580 /* Application */,
			);
			path = watchOS;
			sourceTree = "<group>";
		};
		B34BF197264B25A600D2E047 /* Support */ = {
			isa = PBXGroup;
			children = (
				B34BF196264B23C600D2E047 /* watchOS */,
				B3C7FE332649D55C00046580 /* macOS */,
				B3C7FE2C2649D55C00046580 /* iOS */,
			);
			path = Support;
			sourceTree = "<group>";
		};
		B3C7FE1D2649D55A00046580 = {
			isa = PBXGroup;
			children = (
				B34BF197264B25A600D2E047 /* Support */,
				B34BF18A264AF69F00D2E047 /* Frameworks */,
				B34BF170264AF50300D2E047 /* Packages */,
				B3C7FE2B2649D55C00046580 /* Products */,
				B3C7FE222649D55B00046580 /* Shared */,
			);
			sourceTree = "<group>";
		};
		B3C7FE222649D55B00046580 /* Shared */ = {
			isa = PBXGroup;
			children = (
				B3C7FE232649D55B00046580 /* FloxBxApp.swift */,
				B3C7FE252649D55C00046580 /* Assets.xcassets */,
			);
			path = Shared;
			sourceTree = "<group>";
		};
		B3C7FE2B2649D55C00046580 /* Products */ = {
			isa = PBXGroup;
			children = (
				B3C7FE2A2649D55C00046580 /* FloxBx.app */,
				B3C7FE322649D55C00046580 /* FloxBx.app */,
				B3C7FE462649D57800046580 /* FloxBx (watchOS).app */,
				B3C7FE4F2649D57A00046580 /* FloxBx watchOS Extension.appex */,
			);
			name = Products;
			sourceTree = "<group>";
		};
		B3C7FE2C2649D55C00046580 /* iOS */ = {
			isa = PBXGroup;
			children = (
				B3C7FE2D2649D55C00046580 /* Info.plist */,
			);
			path = iOS;
			sourceTree = "<group>";
		};
		B3C7FE332649D55C00046580 /* macOS */ = {
			isa = PBXGroup;
			children = (
				B3C7FE342649D55C00046580 /* Info.plist */,
				B3C7FE352649D55C00046580 /* macOS.entitlements */,
			);
			path = macOS;
			sourceTree = "<group>";
		};
		B3C7FE472649D57800046580 /* Application */ = {
			isa = PBXGroup;
			children = (
				B3C7FE4A2649D57900046580 /* Info.plist */,
			);
			path = Application;
			sourceTree = "<group>";
		};
		B3C7FE532649D57A00046580 /* Extension */ = {
			isa = PBXGroup;
			children = (
				B3C7FE5F2649D57A00046580 /* Info.plist */,
				B3C7FE5C2649D57A00046580 /* Preview Content */,
			);
			path = Extension;
			sourceTree = "<group>";
		};
		B3C7FE5C2649D57A00046580 /* Preview Content */ = {
			isa = PBXGroup;
			children = (
				B3C7FE5D2649D57A00046580 /* Preview Assets.xcassets */,
			);
			path = "Preview Content";
			sourceTree = "<group>";
		};
/* End PBXGroup section */

/* Begin PBXNativeTarget section */
		B3C7FE292649D55C00046580 /* FloxBx (iOS) */ = {
			isa = PBXNativeTarget;
			buildConfigurationList = B3C7FE3E2649D55C00046580 /* Build configuration list for PBXNativeTarget "FloxBx (iOS)" */;
			buildPhases = (
				B3C7FE262649D55C00046580 /* Sources */,
				B3C7FE272649D55C00046580 /* Frameworks */,
				B3C7FE282649D55C00046580 /* Resources */,
				B3C7FE6A2649D57A00046580 /* Embed Watch Content */,
			);
			buildRules = (
			);
			dependencies = (
				B3C7FE612649D57A00046580 /* PBXTargetDependency */,
			);
			name = "FloxBx (iOS)";
			packageProductDependencies = (
				B34BF18F264AF6B300D2E047 /* FloxBxKit */,
			);
			productName = "FloxBx (iOS)";
			productReference = B3C7FE2A2649D55C00046580 /* FloxBx.app */;
			productType = "com.apple.product-type.application";
		};
		B3C7FE312649D55C00046580 /* FloxBx (macOS) */ = {
			isa = PBXNativeTarget;
			buildConfigurationList = B3C7FE412649D55C00046580 /* Build configuration list for PBXNativeTarget "FloxBx (macOS)" */;
			buildPhases = (
				B3C7FE2E2649D55C00046580 /* Sources */,
				B3C7FE2F2649D55C00046580 /* Frameworks */,
				B3C7FE302649D55C00046580 /* Resources */,
			);
			buildRules = (
			);
			dependencies = (
			);
			name = "FloxBx (macOS)";
			packageProductDependencies = (
				B34BF18D264AF6AC00D2E047 /* FloxBxKit */,
			);
			productName = "FloxBx (macOS)";
			productReference = B3C7FE322649D55C00046580 /* FloxBx.app */;
			productType = "com.apple.product-type.application";
		};
		B3C7FE452649D57800046580 /* FloxBx (watchOS) */ = {
			isa = PBXNativeTarget;
			buildConfigurationList = B3C7FE672649D57A00046580 /* Build configuration list for PBXNativeTarget "FloxBx (watchOS)" */;
			buildPhases = (
				B3C7FE442649D57800046580 /* Resources */,
				B3C7FE662649D57A00046580 /* Embed App Extensions */,
			);
			buildRules = (
			);
			dependencies = (
				B3C7FE522649D57A00046580 /* PBXTargetDependency */,
			);
			name = "FloxBx (watchOS)";
			productName = FloxBx;
			productReference = B3C7FE462649D57800046580 /* FloxBx (watchOS).app */;
			productType = "com.apple.product-type.application.watchapp2";
		};
		B3C7FE4E2649D57A00046580 /* FloxBx watchOS Extension */ = {
			isa = PBXNativeTarget;
			buildConfigurationList = B3C7FE632649D57A00046580 /* Build configuration list for PBXNativeTarget "FloxBx watchOS Extension" */;
			buildPhases = (
				B3C7FE4B2649D57A00046580 /* Sources */,
				B3C7FE4C2649D57A00046580 /* Frameworks */,
				B3C7FE4D2649D57A00046580 /* Resources */,
			);
			buildRules = (
			);
			dependencies = (
			);
			name = "FloxBx watchOS Extension";
			packageProductDependencies = (
				B34BF18B264AF69F00D2E047 /* FloxBxKit */,
			);
			productName = "FloxBx Extension";
			productReference = B3C7FE4F2649D57A00046580 /* FloxBx watchOS Extension.appex */;
			productType = "com.apple.product-type.watchkit2-extension";
		};
/* End PBXNativeTarget section */

/* Begin PBXProject section */
		B3C7FE1E2649D55A00046580 /* Project object */ = {
			isa = PBXProject;
			attributes = {
				LastSwiftUpdateCheck = 1250;
				LastUpgradeCheck = 1250;
				TargetAttributes = {
					B3C7FE292649D55C00046580 = {
						CreatedOnToolsVersion = 12.5;
					};
					B3C7FE312649D55C00046580 = {
						CreatedOnToolsVersion = 12.5;
					};
					B3C7FE452649D57800046580 = {
						CreatedOnToolsVersion = 12.5;
					};
					B3C7FE4E2649D57A00046580 = {
						CreatedOnToolsVersion = 12.5;
					};
				};
			};
			buildConfigurationList = B3C7FE212649D55A00046580 /* Build configuration list for PBXProject "FloxBx" */;
			compatibilityVersion = "Xcode 9.3";
			developmentRegion = en;
			hasScannedForEncodings = 0;
			knownRegions = (
				en,
				Base,
			);
			mainGroup = B3C7FE1D2649D55A00046580;
			productRefGroup = B3C7FE2B2649D55C00046580 /* Products */;
			projectDirPath = "";
			projectRoot = "";
			targets = (
				B3C7FE292649D55C00046580 /* FloxBx (iOS) */,
				B3C7FE312649D55C00046580 /* FloxBx (macOS) */,
				B3C7FE452649D57800046580 /* FloxBx (watchOS) */,
				B3C7FE4E2649D57A00046580 /* FloxBx watchOS Extension */,
			);
		};
/* End PBXProject section */

/* Begin PBXResourcesBuildPhase section */
		B3C7FE282649D55C00046580 /* Resources */ = {
			isa = PBXResourcesBuildPhase;
			buildActionMask = 2147483647;
			files = (
				B3C7FE3A2649D55C00046580 /* Assets.xcassets in Resources */,
			);
			runOnlyForDeploymentPostprocessing = 0;
		};
		B3C7FE302649D55C00046580 /* Resources */ = {
			isa = PBXResourcesBuildPhase;
			buildActionMask = 2147483647;
			files = (
				B3C7FE3B2649D55C00046580 /* Assets.xcassets in Resources */,
			);
			runOnlyForDeploymentPostprocessing = 0;
		};
		B3C7FE442649D57800046580 /* Resources */ = {
			isa = PBXResourcesBuildPhase;
			buildActionMask = 2147483647;
			files = (
				B34BF195264B22C200D2E047 /* Assets.xcassets in Resources */,
			);
			runOnlyForDeploymentPostprocessing = 0;
		};
		B3C7FE4D2649D57A00046580 /* Resources */ = {
			isa = PBXResourcesBuildPhase;
			buildActionMask = 2147483647;
			files = (
				B3C7FE5E2649D57A00046580 /* Preview Assets.xcassets in Resources */,
				B34BF192264AF78B00D2E047 /* Assets.xcassets in Resources */,
			);
			runOnlyForDeploymentPostprocessing = 0;
		};
/* End PBXResourcesBuildPhase section */

/* Begin PBXSourcesBuildPhase section */
		B3C7FE262649D55C00046580 /* Sources */ = {
			isa = PBXSourcesBuildPhase;
			buildActionMask = 2147483647;
			files = (
				B3C7FE362649D55C00046580 /* FloxBxApp.swift in Sources */,
			);
			runOnlyForDeploymentPostprocessing = 0;
		};
		B3C7FE2E2649D55C00046580 /* Sources */ = {
			isa = PBXSourcesBuildPhase;
			buildActionMask = 2147483647;
			files = (
				B3C7FE372649D55C00046580 /* FloxBxApp.swift in Sources */,
			);
			runOnlyForDeploymentPostprocessing = 0;
		};
		B3C7FE4B2649D57A00046580 /* Sources */ = {
			isa = PBXSourcesBuildPhase;
			buildActionMask = 2147483647;
			files = (
				B34BF193264AF79300D2E047 /* FloxBxApp.swift in Sources */,
			);
			runOnlyForDeploymentPostprocessing = 0;
		};
/* End PBXSourcesBuildPhase section */

/* Begin PBXTargetDependency section */
		B3C7FE522649D57A00046580 /* PBXTargetDependency */ = {
			isa = PBXTargetDependency;
			target = B3C7FE4E2649D57A00046580 /* FloxBx watchOS Extension */;
			targetProxy = B3C7FE512649D57A00046580 /* PBXContainerItemProxy */;
		};
		B3C7FE612649D57A00046580 /* PBXTargetDependency */ = {
			isa = PBXTargetDependency;
			target = B3C7FE452649D57800046580 /* FloxBx (watchOS) */;
			targetProxy = B3C7FE602649D57A00046580 /* PBXContainerItemProxy */;
		};
/* End PBXTargetDependency section */

/* Begin XCBuildConfiguration section */
		B3C7FE3C2649D55C00046580 /* Debug */ = {
			isa = XCBuildConfiguration;
			buildSettings = {
				ALWAYS_SEARCH_USER_PATHS = NO;
				CLANG_ANALYZER_NONNULL = YES;
				CLANG_ANALYZER_NUMBER_OBJECT_CONVERSION = YES_AGGRESSIVE;
				CLANG_CXX_LANGUAGE_STANDARD = "gnu++14";
				CLANG_CXX_LIBRARY = "libc++";
				CLANG_ENABLE_MODULES = YES;
				CLANG_ENABLE_OBJC_ARC = YES;
				CLANG_ENABLE_OBJC_WEAK = YES;
				CLANG_WARN_BLOCK_CAPTURE_AUTORELEASING = YES;
				CLANG_WARN_BOOL_CONVERSION = YES;
				CLANG_WARN_COMMA = YES;
				CLANG_WARN_CONSTANT_CONVERSION = YES;
				CLANG_WARN_DEPRECATED_OBJC_IMPLEMENTATIONS = YES;
				CLANG_WARN_DIRECT_OBJC_ISA_USAGE = YES_ERROR;
				CLANG_WARN_DOCUMENTATION_COMMENTS = YES;
				CLANG_WARN_EMPTY_BODY = YES;
				CLANG_WARN_ENUM_CONVERSION = YES;
				CLANG_WARN_INFINITE_RECURSION = YES;
				CLANG_WARN_INT_CONVERSION = YES;
				CLANG_WARN_NON_LITERAL_NULL_CONVERSION = YES;
				CLANG_WARN_OBJC_IMPLICIT_RETAIN_SELF = YES;
				CLANG_WARN_OBJC_LITERAL_CONVERSION = YES;
				CLANG_WARN_OBJC_ROOT_CLASS = YES_ERROR;
				CLANG_WARN_QUOTED_INCLUDE_IN_FRAMEWORK_HEADER = YES;
				CLANG_WARN_RANGE_LOOP_ANALYSIS = YES;
				CLANG_WARN_STRICT_PROTOTYPES = YES;
				CLANG_WARN_SUSPICIOUS_MOVE = YES;
				CLANG_WARN_UNGUARDED_AVAILABILITY = YES_AGGRESSIVE;
				CLANG_WARN_UNREACHABLE_CODE = YES;
				CLANG_WARN__DUPLICATE_METHOD_MATCH = YES;
				COPY_PHASE_STRIP = NO;
				DEBUG_INFORMATION_FORMAT = dwarf;
				ENABLE_STRICT_OBJC_MSGSEND = YES;
				ENABLE_TESTABILITY = YES;
				GCC_C_LANGUAGE_STANDARD = gnu11;
				GCC_DYNAMIC_NO_PIC = NO;
				GCC_NO_COMMON_BLOCKS = YES;
				GCC_OPTIMIZATION_LEVEL = 0;
				GCC_PREPROCESSOR_DEFINITIONS = (
					"DEBUG=1",
					"$(inherited)",
				);
				GCC_WARN_64_TO_32_BIT_CONVERSION = YES;
				GCC_WARN_ABOUT_RETURN_TYPE = YES_ERROR;
				GCC_WARN_UNDECLARED_SELECTOR = YES;
				GCC_WARN_UNINITIALIZED_AUTOS = YES_AGGRESSIVE;
				GCC_WARN_UNUSED_FUNCTION = YES;
				GCC_WARN_UNUSED_VARIABLE = YES;
				MTL_ENABLE_DEBUG_INFO = INCLUDE_SOURCE;
				MTL_FAST_MATH = YES;
				ONLY_ACTIVE_ARCH = YES;
				SWIFT_ACTIVE_COMPILATION_CONDITIONS = DEBUG;
				SWIFT_OPTIMIZATION_LEVEL = "-Onone";
			};
			name = Debug;
		};
		B3C7FE3D2649D55C00046580 /* Release */ = {
			isa = XCBuildConfiguration;
			buildSettings = {
				ALWAYS_SEARCH_USER_PATHS = NO;
				CLANG_ANALYZER_NONNULL = YES;
				CLANG_ANALYZER_NUMBER_OBJECT_CONVERSION = YES_AGGRESSIVE;
				CLANG_CXX_LANGUAGE_STANDARD = "gnu++14";
				CLANG_CXX_LIBRARY = "libc++";
				CLANG_ENABLE_MODULES = YES;
				CLANG_ENABLE_OBJC_ARC = YES;
				CLANG_ENABLE_OBJC_WEAK = YES;
				CLANG_WARN_BLOCK_CAPTURE_AUTORELEASING = YES;
				CLANG_WARN_BOOL_CONVERSION = YES;
				CLANG_WARN_COMMA = YES;
				CLANG_WARN_CONSTANT_CONVERSION = YES;
				CLANG_WARN_DEPRECATED_OBJC_IMPLEMENTATIONS = YES;
				CLANG_WARN_DIRECT_OBJC_ISA_USAGE = YES_ERROR;
				CLANG_WARN_DOCUMENTATION_COMMENTS = YES;
				CLANG_WARN_EMPTY_BODY = YES;
				CLANG_WARN_ENUM_CONVERSION = YES;
				CLANG_WARN_INFINITE_RECURSION = YES;
				CLANG_WARN_INT_CONVERSION = YES;
				CLANG_WARN_NON_LITERAL_NULL_CONVERSION = YES;
				CLANG_WARN_OBJC_IMPLICIT_RETAIN_SELF = YES;
				CLANG_WARN_OBJC_LITERAL_CONVERSION = YES;
				CLANG_WARN_OBJC_ROOT_CLASS = YES_ERROR;
				CLANG_WARN_QUOTED_INCLUDE_IN_FRAMEWORK_HEADER = YES;
				CLANG_WARN_RANGE_LOOP_ANALYSIS = YES;
				CLANG_WARN_STRICT_PROTOTYPES = YES;
				CLANG_WARN_SUSPICIOUS_MOVE = YES;
				CLANG_WARN_UNGUARDED_AVAILABILITY = YES_AGGRESSIVE;
				CLANG_WARN_UNREACHABLE_CODE = YES;
				CLANG_WARN__DUPLICATE_METHOD_MATCH = YES;
				COPY_PHASE_STRIP = NO;
				DEBUG_INFORMATION_FORMAT = "dwarf-with-dsym";
				ENABLE_NS_ASSERTIONS = NO;
				ENABLE_STRICT_OBJC_MSGSEND = YES;
				GCC_C_LANGUAGE_STANDARD = gnu11;
				GCC_NO_COMMON_BLOCKS = YES;
				GCC_WARN_64_TO_32_BIT_CONVERSION = YES;
				GCC_WARN_ABOUT_RETURN_TYPE = YES_ERROR;
				GCC_WARN_UNDECLARED_SELECTOR = YES;
				GCC_WARN_UNINITIALIZED_AUTOS = YES_AGGRESSIVE;
				GCC_WARN_UNUSED_FUNCTION = YES;
				GCC_WARN_UNUSED_VARIABLE = YES;
				MTL_ENABLE_DEBUG_INFO = NO;
				MTL_FAST_MATH = YES;
				SWIFT_COMPILATION_MODE = wholemodule;
				SWIFT_OPTIMIZATION_LEVEL = "-O";
			};
			name = Release;
		};
		B3C7FE3F2649D55C00046580 /* Debug */ = {
			isa = XCBuildConfiguration;
			buildSettings = {
				ASSETCATALOG_COMPILER_APPICON_NAME = AppIcon;
				ASSETCATALOG_COMPILER_GLOBAL_ACCENT_COLOR_NAME = AccentColor;
				CODE_SIGN_STYLE = Automatic;
				DEVELOPMENT_TEAM = MLT7M394S7;
				ENABLE_PREVIEWS = YES;
				INFOPLIST_FILE = Support/iOS/Info.plist;
				IPHONEOS_DEPLOYMENT_TARGET = 14.0;
				LD_RUNPATH_SEARCH_PATHS = (
					"$(inherited)",
					"@executable_path/Frameworks",
				);
				PRODUCT_BUNDLE_IDENTIFIER = com.brightdigit.FloxBx;
				PRODUCT_NAME = FloxBx;
				SDKROOT = iphoneos;
				SWIFT_VERSION = 5.0;
				TARGETED_DEVICE_FAMILY = "1,2";
			};
			name = Debug;
		};
		B3C7FE402649D55C00046580 /* Release */ = {
			isa = XCBuildConfiguration;
			buildSettings = {
				ASSETCATALOG_COMPILER_APPICON_NAME = AppIcon;
				ASSETCATALOG_COMPILER_GLOBAL_ACCENT_COLOR_NAME = AccentColor;
				CODE_SIGN_STYLE = Automatic;
				DEVELOPMENT_TEAM = MLT7M394S7;
				ENABLE_PREVIEWS = YES;
				INFOPLIST_FILE = Support/iOS/Info.plist;
				IPHONEOS_DEPLOYMENT_TARGET = 14.0;
				LD_RUNPATH_SEARCH_PATHS = (
					"$(inherited)",
					"@executable_path/Frameworks",
				);
				PRODUCT_BUNDLE_IDENTIFIER = com.brightdigit.FloxBx;
				PRODUCT_NAME = FloxBx;
				SDKROOT = iphoneos;
				SWIFT_VERSION = 5.0;
				TARGETED_DEVICE_FAMILY = "1,2";
				VALIDATE_PRODUCT = YES;
			};
			name = Release;
		};
		B3C7FE422649D55C00046580 /* Debug */ = {
			isa = XCBuildConfiguration;
			buildSettings = {
				ASSETCATALOG_COMPILER_APPICON_NAME = AppIcon;
				ASSETCATALOG_COMPILER_GLOBAL_ACCENT_COLOR_NAME = AccentColor;
				CODE_SIGN_ENTITLEMENTS = Support/macOS/macOS.entitlements;
				CODE_SIGN_STYLE = Automatic;
				COMBINE_HIDPI_IMAGES = YES;
				DEVELOPMENT_TEAM = MLT7M394S7;
				ENABLE_HARDENED_RUNTIME = YES;
				ENABLE_PREVIEWS = YES;
				INFOPLIST_FILE = Support/macOS/Info.plist;
				LD_RUNPATH_SEARCH_PATHS = (
					"$(inherited)",
					"@executable_path/../Frameworks",
				);
				MACOSX_DEPLOYMENT_TARGET = 11.0;
				PRODUCT_BUNDLE_IDENTIFIER = com.brightdigit.FloxBx;
				PRODUCT_NAME = FloxBx;
				SDKROOT = macosx;
				SWIFT_VERSION = 5.0;
			};
			name = Debug;
		};
		B3C7FE432649D55C00046580 /* Release */ = {
			isa = XCBuildConfiguration;
			buildSettings = {
				ASSETCATALOG_COMPILER_APPICON_NAME = AppIcon;
				ASSETCATALOG_COMPILER_GLOBAL_ACCENT_COLOR_NAME = AccentColor;
				CODE_SIGN_ENTITLEMENTS = Support/macOS/macOS.entitlements;
				CODE_SIGN_STYLE = Automatic;
				COMBINE_HIDPI_IMAGES = YES;
				DEVELOPMENT_TEAM = MLT7M394S7;
				ENABLE_HARDENED_RUNTIME = YES;
				ENABLE_PREVIEWS = YES;
				INFOPLIST_FILE = Support/macOS/Info.plist;
				LD_RUNPATH_SEARCH_PATHS = (
					"$(inherited)",
					"@executable_path/../Frameworks",
				);
				MACOSX_DEPLOYMENT_TARGET = 11.0;
				PRODUCT_BUNDLE_IDENTIFIER = com.brightdigit.FloxBx;
				PRODUCT_NAME = FloxBx;
				SDKROOT = macosx;
				SWIFT_VERSION = 5.0;
			};
			name = Release;
		};
		B3C7FE642649D57A00046580 /* Debug */ = {
			isa = XCBuildConfiguration;
			buildSettings = {
				ASSETCATALOG_COMPILER_COMPLICATION_NAME = Complication;
				CODE_SIGN_STYLE = Automatic;
				DEVELOPMENT_ASSET_PATHS = "\"Support/watchOS/Extension/Preview Content\"";
				DEVELOPMENT_TEAM = MLT7M394S7;
				ENABLE_PREVIEWS = YES;
				INFOPLIST_FILE = Support/watchOS/Extension/Info.plist;
				LD_RUNPATH_SEARCH_PATHS = (
					"$(inherited)",
					"@executable_path/Frameworks",
					"@executable_path/../../Frameworks",
				);
				PRODUCT_BUNDLE_IDENTIFIER = com.brightdigit.FloxBx.watchkitapp.watchkitextension;
				PRODUCT_NAME = "${TARGET_NAME}";
				SDKROOT = watchos;
				SKIP_INSTALL = YES;
				SWIFT_VERSION = 5.0;
				TARGETED_DEVICE_FAMILY = 4;
				WATCHOS_DEPLOYMENT_TARGET = 7.4;
			};
			name = Debug;
		};
		B3C7FE652649D57A00046580 /* Release */ = {
			isa = XCBuildConfiguration;
			buildSettings = {
				ASSETCATALOG_COMPILER_COMPLICATION_NAME = Complication;
				CODE_SIGN_STYLE = Automatic;
				DEVELOPMENT_ASSET_PATHS = "\"Support/watchOS/Extension/Preview Content\"";
				DEVELOPMENT_TEAM = MLT7M394S7;
				ENABLE_PREVIEWS = YES;
				INFOPLIST_FILE = Support/watchOS/Extension/Info.plist;
				LD_RUNPATH_SEARCH_PATHS = (
					"$(inherited)",
					"@executable_path/Frameworks",
					"@executable_path/../../Frameworks",
				);
				PRODUCT_BUNDLE_IDENTIFIER = com.brightdigit.FloxBx.watchkitapp.watchkitextension;
				PRODUCT_NAME = "${TARGET_NAME}";
				SDKROOT = watchos;
				SKIP_INSTALL = YES;
				SWIFT_VERSION = 5.0;
				TARGETED_DEVICE_FAMILY = 4;
				VALIDATE_PRODUCT = YES;
				WATCHOS_DEPLOYMENT_TARGET = 7.4;
			};
			name = Release;
		};
		B3C7FE682649D57A00046580 /* Debug */ = {
			isa = XCBuildConfiguration;
			buildSettings = {
				ALWAYS_EMBED_SWIFT_STANDARD_LIBRARIES = YES;
				ASSETCATALOG_COMPILER_APPICON_NAME = AppIcon;
				ASSETCATALOG_COMPILER_GLOBAL_ACCENT_COLOR_NAME = AccentColor;
				CODE_SIGN_STYLE = Automatic;
				DEVELOPMENT_TEAM = MLT7M394S7;
				IBSC_MODULE = FloxBx_Extension;
				INFOPLIST_FILE = Support/watchOS/Application/Info.plist;
				PRODUCT_BUNDLE_IDENTIFIER = com.brightdigit.FloxBx.watchkitapp;
				PRODUCT_NAME = "$(TARGET_NAME)";
				SDKROOT = watchos;
				SKIP_INSTALL = YES;
				SWIFT_VERSION = 5.0;
				TARGETED_DEVICE_FAMILY = 4;
				WATCHOS_DEPLOYMENT_TARGET = 7.4;
			};
			name = Debug;
		};
		B3C7FE692649D57A00046580 /* Release */ = {
			isa = XCBuildConfiguration;
			buildSettings = {
				ALWAYS_EMBED_SWIFT_STANDARD_LIBRARIES = YES;
				ASSETCATALOG_COMPILER_APPICON_NAME = AppIcon;
				ASSETCATALOG_COMPILER_GLOBAL_ACCENT_COLOR_NAME = AccentColor;
				CODE_SIGN_STYLE = Automatic;
				DEVELOPMENT_TEAM = MLT7M394S7;
				IBSC_MODULE = FloxBx_Extension;
				INFOPLIST_FILE = Support/watchOS/Application/Info.plist;
				PRODUCT_BUNDLE_IDENTIFIER = com.brightdigit.FloxBx.watchkitapp;
				PRODUCT_NAME = "$(TARGET_NAME)";
				SDKROOT = watchos;
				SKIP_INSTALL = YES;
				SWIFT_VERSION = 5.0;
				TARGETED_DEVICE_FAMILY = 4;
				VALIDATE_PRODUCT = YES;
				WATCHOS_DEPLOYMENT_TARGET = 7.4;
			};
			name = Release;
		};
/* End XCBuildConfiguration section */

/* Begin XCConfigurationList section */
		B3C7FE212649D55A00046580 /* Build configuration list for PBXProject "FloxBx" */ = {
			isa = XCConfigurationList;
			buildConfigurations = (
				B3C7FE3C2649D55C00046580 /* Debug */,
				B3C7FE3D2649D55C00046580 /* Release */,
			);
			defaultConfigurationIsVisible = 0;
			defaultConfigurationName = Release;
		};
		B3C7FE3E2649D55C00046580 /* Build configuration list for PBXNativeTarget "FloxBx (iOS)" */ = {
			isa = XCConfigurationList;
			buildConfigurations = (
				B3C7FE3F2649D55C00046580 /* Debug */,
				B3C7FE402649D55C00046580 /* Release */,
			);
			defaultConfigurationIsVisible = 0;
			defaultConfigurationName = Release;
		};
		B3C7FE412649D55C00046580 /* Build configuration list for PBXNativeTarget "FloxBx (macOS)" */ = {
			isa = XCConfigurationList;
			buildConfigurations = (
				B3C7FE422649D55C00046580 /* Debug */,
				B3C7FE432649D55C00046580 /* Release */,
			);
			defaultConfigurationIsVisible = 0;
			defaultConfigurationName = Release;
		};
		B3C7FE632649D57A00046580 /* Build configuration list for PBXNativeTarget "FloxBx watchOS Extension" */ = {
			isa = XCConfigurationList;
			buildConfigurations = (
				B3C7FE642649D57A00046580 /* Debug */,
				B3C7FE652649D57A00046580 /* Release */,
			);
			defaultConfigurationIsVisible = 0;
			defaultConfigurationName = Release;
		};
		B3C7FE672649D57A00046580 /* Build configuration list for PBXNativeTarget "FloxBx (watchOS)" */ = {
			isa = XCConfigurationList;
			buildConfigurations = (
				B3C7FE682649D57A00046580 /* Debug */,
				B3C7FE692649D57A00046580 /* Release */,
			);
			defaultConfigurationIsVisible = 0;
			defaultConfigurationName = Release;
		};
/* End XCConfigurationList section */

/* Begin XCSwiftPackageProductDependency section */
		B34BF18B264AF69F00D2E047 /* FloxBxKit */ = {
			isa = XCSwiftPackageProductDependency;
			productName = FloxBxKit;
		};
		B34BF18D264AF6AC00D2E047 /* FloxBxKit */ = {
			isa = XCSwiftPackageProductDependency;
			productName = FloxBxKit;
		};
		B34BF18F264AF6B300D2E047 /* FloxBxKit */ = {
			isa = XCSwiftPackageProductDependency;
			productName = FloxBxKit;
		};
/* End XCSwiftPackageProductDependency section */
	};
	rootObject = B3C7FE1E2649D55A00046580 /* Project object */;
}
